
Microsoft Visual Studio Solution File, Format Version 12.00
# Visual Studio Version 16
VisualStudioVersion = 16.0.810.5
MinimumVisualStudioVersion = 10.0.40219.1
Project("{FAE04EC0-301F-11D3-BF4B-00C04F79EFBC}") = "DSandAlgorithm_day15-16", "DSandAlgorithm_day15-16\DSandAlgorithm_day15-16.csproj", "{FAB97421-9808-43FF-96EA-9E8D0E672FC3}"
EndProject
Global
	GlobalSection(SolutionConfigurationPlatforms) = preSolution
		Debug|Any CPU = Debug|Any CPU
		Release|Any CPU = Release|Any CPU
	EndGlobalSection
	GlobalSection(ProjectConfigurationPlatforms) = postSolution
		{FAB97421-9808-43FF-96EA-9E8D0E672FC3}.Debug|Any CPU.ActiveCfg = Debug|Any CPU
		{FAB97421-9808-43FF-96EA-9E8D0E672FC3}.Debug|Any CPU.Build.0 = Debug|Any CPU
		{FAB97421-9808-43FF-96EA-9E8D0E672FC3}.Release|Any CPU.ActiveCfg = Release|Any CPU
		{FAB97421-9808-43FF-96EA-9E8D0E672FC3}.Release|Any CPU.Build.0 = Release|Any CPU
	EndGlobalSection
	GlobalSection(SolutionProperties) = preSolution
		HideSolutionNode = FALSE
	EndGlobalSection
	GlobalSection(ExtensibilityGlobals) = postSolution
		SolutionGuid = {48883C82-98DA-4030-B5CA-40FE614C4861}
	EndGlobalSection
EndGlobal
